{
    "_readme": [
        "This file locks the dependencies of your project to a known state",
        "Read more about it at https://getcomposer.org/doc/01-basic-usage.md#installing-dependencies",
        "This file is @generated automatically"
    ],
    "content-hash": "af715b70f53b191c301f997f3f1ad5f4",
    "packages": [
        {
            "name": "francerz/json-tools",
            "version": "v0.1.0",
            "source": {
                "type": "git",
                "url": "https://github.com/francerz/php-json-tools.git",
                "reference": "97e6fbe49d2f0fafa5e328961af921074ad634c4"
            },
            "dist": {
                "type": "zip",
                "url": "https://api.github.com/repos/francerz/php-json-tools/zipball/97e6fbe49d2f0fafa5e328961af921074ad634c4",
                "reference": "97e6fbe49d2f0fafa5e328961af921074ad634c4",
                "shasum": ""
            },
            "require-dev": {
                "phpunit/phpunit": "^9.5"
            },
            "type": "library",
            "autoload": {
                "psr-4": {
                    "Francerz\\JsonTools\\": "src/"
                }
            },
            "notification-url": "https://packagist.org/downloads/",
            "license": [
                "ISC"
            ],
            "description": "Tools for encoding and decoding json objects.",
            "support": {
                "issues": "https://github.com/francerz/php-json-tools/issues",
                "source": "https://github.com/francerz/php-json-tools/tree/v0.1.0"
            },
            "time": "2022-12-06T16:09:36+00:00"
        },
        {
            "name": "francerz/php-power-data",
            "version": "v0.1.39",
            "source": {
                "type": "git",
                "url": "https://github.com/francerz/php-power-data.git",
                "reference": "eda7c37c0b78492ed86b1f320865fa3342594f32"
            },
            "dist": {
                "type": "zip",
                "url": "https://api.github.com/repos/francerz/php-power-data/zipball/eda7c37c0b78492ed86b1f320865fa3342594f32",
                "reference": "eda7c37c0b78492ed86b1f320865fa3342594f32",
                "shasum": ""
            },
            "type": "library",
            "autoload": {
                "psr-4": {
                    "Francerz\\PowerData\\": "src"
                }
            },
            "notification-url": "https://packagist.org/downloads/",
            "authors": [
                {
                    "name": "Francisco CZ"
                }
            ],
            "description": "PHP data structures for complex data handling",
            "support": {
                "issues": "https://github.com/francerz/php-power-data/issues",
                "source": "https://github.com/francerz/php-power-data/tree/v0.1.39"
            },
            "time": "2025-10-01T17:56:13+00:00"
        },
        {
            "name": "psr/http-message",
            "version": "1.1",
            "source": {
                "type": "git",
                "url": "https://github.com/php-fig/http-message.git",
                "reference": "cb6ce4845ce34a8ad9e68117c10ee90a29919eba"
            },
            "dist": {
                "type": "zip",
                "url": "https://api.github.com/repos/php-fig/http-message/zipball/cb6ce4845ce34a8ad9e68117c10ee90a29919eba",
                "reference": "cb6ce4845ce34a8ad9e68117c10ee90a29919eba",
                "shasum": ""
            },
            "require": {
                "php": "^7.2 || ^8.0"
            },
            "type": "library",
            "extra": {
                "branch-alias": {
                    "dev-master": "1.1.x-dev"
                }
            },
            "autoload": {
                "psr-4": {
                    "Psr\\Http\\Message\\": "src/"
                }
            },
            "notification-url": "https://packagist.org/downloads/",
            "license": [
                "MIT"
            ],
            "authors": [
                {
                    "name": "PHP-FIG",
                    "homepage": "http://www.php-fig.org/"
                }
            ],
            "description": "Common interface for HTTP messages",
            "homepage": "https://github.com/php-fig/http-message",
            "keywords": [
                "http",
                "http-message",
                "psr",
                "psr-7",
                "request",
                "response"
            ],
            "support": {
                "source": "https://github.com/php-fig/http-message/tree/1.1"
            },
            "time": "2023-04-04T09:50:52+00:00"
        }
    ],
    "packages-dev": [],
    "aliases": [],
    "minimum-stability": "stable",
    "stability-flags": {},
    "prefer-stable": false,
    "prefer-lowest": false,
    "platform": {},
    "platform-dev": {},
    "plugin-api-version": "2.6.0"
}
